
Microsoft Visual Studio Solution File, Format Version 12.00
# Visual Studio Version 17
VisualStudioVersion = 17.14.36203.30 d17.14
MinimumVisualStudioVersion = 10.0.40219.1
Project("{FAE04EC0-301F-11D3-BF4B-00C04F79EFBC}") = "Fluxor.Blazor.Web.Persist", "Fluxor.Blazor.Web.Persist\Fluxor.Blazor.Web.Persist.csproj", "{1188B363-F4E0-44DC-90FA-389133DF5A8D}"
EndProject
Global
	GlobalSection(SolutionConfigurationPlatforms) = preSolution
		Debug|Any CPU = Debug|Any CPU
		Release|Any CPU = Release|Any CPU
	EndGlobalSection
	GlobalSection(ProjectConfigurationPlatforms) = postSolution
		{1188B363-F4E0-44DC-90FA-389133DF5A8D}.Debug|Any CPU.ActiveCfg = Debug|Any CPU
		{1188B363-F4E0-44DC-90FA-389133DF5A8D}.Debug|Any CPU.Build.0 = Debug|Any CPU
		{1188B363-F4E0-44DC-90FA-389133DF5A8D}.Release|Any CPU.ActiveCfg = Release|Any CPU
		{1188B363-F4E0-44DC-90FA-389133DF5A8D}.Release|Any CPU.Build.0 = Release|Any CPU
	EndGlobalSection
	GlobalSection(SolutionProperties) = preSolution
		HideSolutionNode = FALSE
	EndGlobalSection
	GlobalSection(ExtensibilityGlobals) = postSolution
		SolutionGuid = {706A3A6B-883E-4A01-8CD2-AFAAFA5C3369}
	EndGlobalSection
EndGlobal
